
Microsoft Visual Studio Solution File, Format Version 12.00
# Visual Studio 14
VisualStudioVersion = 14.0.25420.1
MinimumVisualStudioVersion = 10.0.40219.1
Project("{FAE04EC0-301F-11D3-BF4B-00C04F79EFBC}") = "MobileShop.Domain", "MobileShop.Domain\MobileShop.Domain.csproj", "{B606F195-B171-4F9C-BDB4-AFAEC6F11406}"
EndProject
Project("{FAE04EC0-301F-11D3-BF4B-00C04F79EFBC}") = "MobileShop.Repository", "MobileShop.Repository\MobileShop.Repository.csproj", "{4146E3A5-21DD-4843-A2B6-6553AAD9D9B1}"
EndProject
Project("{FAE04EC0-301F-11D3-BF4B-00C04F79EFBC}") = "MobileShop.Core", "MobileShop.Core\MobileShop.Core.csproj", "{7CB6006F-49BE-4497-A289-5B5C5722F140}"
EndProject
Project("{FAE04EC0-301F-11D3-BF4B-00C04F79EFBC}") = "MobileShop.Droid", "MobileShop.Droid\MobileShop.Droid.csproj", "{3B7C4244-396A-4FBE-BFE5-DB61C3FDC160}"
EndProject
Project("{2150E333-8FDC-42A3-9474-1A3956D46DE8}") = "Web", "Web", "{0C8A61F1-CCF0-4889-88C8-60149966E33C}"
EndProject
Project("{FAE04EC0-301F-11D3-BF4B-00C04F79EFBC}") = "MobileShop.Web.Data", "MobileShop.Web.Data\MobileShop.Web.Data.csproj", "{5ECF51FF-3C0F-4D5B-8915-83168D0DE835}"
EndProject
Global
	GlobalSection(SolutionConfigurationPlatforms) = preSolution
		Debug|Any CPU = Debug|Any CPU
		Release|Any CPU = Release|Any CPU
	EndGlobalSection
	GlobalSection(ProjectConfigurationPlatforms) = postSolution
		{B606F195-B171-4F9C-BDB4-AFAEC6F11406}.Debug|Any CPU.ActiveCfg = Debug|Any CPU
		{B606F195-B171-4F9C-BDB4-AFAEC6F11406}.Debug|Any CPU.Build.0 = Debug|Any CPU
		{B606F195-B171-4F9C-BDB4-AFAEC6F11406}.Release|Any CPU.ActiveCfg = Release|Any CPU
		{B606F195-B171-4F9C-BDB4-AFAEC6F11406}.Release|Any CPU.Build.0 = Release|Any CPU
		{4146E3A5-21DD-4843-A2B6-6553AAD9D9B1}.Debug|Any CPU.ActiveCfg = Debug|Any CPU
		{4146E3A5-21DD-4843-A2B6-6553AAD9D9B1}.Debug|Any CPU.Build.0 = Debug|Any CPU
		{4146E3A5-21DD-4843-A2B6-6553AAD9D9B1}.Release|Any CPU.ActiveCfg = Release|Any CPU
		{4146E3A5-21DD-4843-A2B6-6553AAD9D9B1}.Release|Any CPU.Build.0 = Release|Any CPU
		{7CB6006F-49BE-4497-A289-5B5C5722F140}.Debug|Any CPU.ActiveCfg = Debug|Any CPU
		{7CB6006F-49BE-4497-A289-5B5C5722F140}.Debug|Any CPU.Build.0 = Debug|Any CPU
		{7CB6006F-49BE-4497-A289-5B5C5722F140}.Release|Any CPU.ActiveCfg = Release|Any CPU
		{7CB6006F-49BE-4497-A289-5B5C5722F140}.Release|Any CPU.Build.0 = Release|Any CPU
		{3B7C4244-396A-4FBE-BFE5-DB61C3FDC160}.Debug|Any CPU.ActiveCfg = Debug|Any CPU
		{3B7C4244-396A-4FBE-BFE5-DB61C3FDC160}.Debug|Any CPU.Build.0 = Debug|Any CPU
		{3B7C4244-396A-4FBE-BFE5-DB61C3FDC160}.Debug|Any CPU.Deploy.0 = Debug|Any CPU
		{3B7C4244-396A-4FBE-BFE5-DB61C3FDC160}.Release|Any CPU.ActiveCfg = Release|Any CPU
		{3B7C4244-396A-4FBE-BFE5-DB61C3FDC160}.Release|Any CPU.Build.0 = Release|Any CPU
		{3B7C4244-396A-4FBE-BFE5-DB61C3FDC160}.Release|Any CPU.Deploy.0 = Release|Any CPU
		{5ECF51FF-3C0F-4D5B-8915-83168D0DE835}.Debug|Any CPU.ActiveCfg = Debug|Any CPU
		{5ECF51FF-3C0F-4D5B-8915-83168D0DE835}.Debug|Any CPU.Build.0 = Debug|Any CPU
		{5ECF51FF-3C0F-4D5B-8915-83168D0DE835}.Release|Any CPU.ActiveCfg = Release|Any CPU
		{5ECF51FF-3C0F-4D5B-8915-83168D0DE835}.Release|Any CPU.Build.0 = Release|Any CPU
	EndGlobalSection
	GlobalSection(SolutionProperties) = preSolution
		HideSolutionNode = FALSE
	EndGlobalSection
	GlobalSection(NestedProjects) = preSolution
		{5ECF51FF-3C0F-4D5B-8915-83168D0DE835} = {0C8A61F1-CCF0-4889-88C8-60149966E33C}
	EndGlobalSection
EndGlobal
